
Microsoft Visual Studio Solution File, Format Version 12.00
# Visual Studio Version 17
VisualStudioVersion = 17.0.32014.148
MinimumVisualStudioVersion = 10.0.40219.1
Project("{FAE04EC0-301F-11D3-BF4B-00C04F79EFBC}") = "MinimalAPI", "MinimalAPI\MinimalAPI.csproj", "{BC9FFC0F-B47A-4DC5-869C-FAD6F3C0B281}"
EndProject
Project("{00D1A9C2-B5F0-4AF3-8072-F6C62B433612}") = "UserDB", "UserDB\UserDB.sqlproj", "{509238CE-A718-42F3-B8B7-DB51B5302751}"
EndProject
Project("{FAE04EC0-301F-11D3-BF4B-00C04F79EFBC}") = "DataAccess", "DataAccess\DataAccess.csproj", "{A68D94F9-8701-4E34-BACD-538BA1B477AB}"
EndProject
Project("{2150E333-8FDC-42A3-9474-1A3956D46DE8}") = "Solution Items", "Solution Items", "{3972B62C-56A9-4A32-8573-E4EB1AE797EA}"
	ProjectSection(SolutionItems) = preProject
		.editorconfig = .editorconfig
	EndProjectSection
EndProject
Global
	GlobalSection(SolutionConfigurationPlatforms) = preSolution
		Debug|Any CPU = Debug|Any CPU
		Release|Any CPU = Release|Any CPU
	EndGlobalSection
	GlobalSection(ProjectConfigurationPlatforms) = postSolution
		{BC9FFC0F-B47A-4DC5-869C-FAD6F3C0B281}.Debug|Any CPU.ActiveCfg = Debug|Any CPU
		{BC9FFC0F-B47A-4DC5-869C-FAD6F3C0B281}.Debug|Any CPU.Build.0 = Debug|Any CPU
		{BC9FFC0F-B47A-4DC5-869C-FAD6F3C0B281}.Release|Any CPU.ActiveCfg = Release|Any CPU
		{BC9FFC0F-B47A-4DC5-869C-FAD6F3C0B281}.Release|Any CPU.Build.0 = Release|Any CPU
		{509238CE-A718-42F3-B8B7-DB51B5302751}.Debug|Any CPU.ActiveCfg = Debug|Any CPU
		{509238CE-A718-42F3-B8B7-DB51B5302751}.Debug|Any CPU.Build.0 = Debug|Any CPU
		{509238CE-A718-42F3-B8B7-DB51B5302751}.Debug|Any CPU.Deploy.0 = Debug|Any CPU
		{509238CE-A718-42F3-B8B7-DB51B5302751}.Release|Any CPU.ActiveCfg = Release|Any CPU
		{509238CE-A718-42F3-B8B7-DB51B5302751}.Release|Any CPU.Build.0 = Release|Any CPU
		{509238CE-A718-42F3-B8B7-DB51B5302751}.Release|Any CPU.Deploy.0 = Release|Any CPU
		{A68D94F9-8701-4E34-BACD-538BA1B477AB}.Debug|Any CPU.ActiveCfg = Debug|Any CPU
		{A68D94F9-8701-4E34-BACD-538BA1B477AB}.Debug|Any CPU.Build.0 = Debug|Any CPU
		{A68D94F9-8701-4E34-BACD-538BA1B477AB}.Release|Any CPU.ActiveCfg = Release|Any CPU
		{A68D94F9-8701-4E34-BACD-538BA1B477AB}.Release|Any CPU.Build.0 = Release|Any CPU
	EndGlobalSection
	GlobalSection(SolutionProperties) = preSolution
		HideSolutionNode = FALSE
	EndGlobalSection
	GlobalSection(ExtensibilityGlobals) = postSolution
		SolutionGuid = {DBF4F3E9-C50C-4177-887A-90C8C22A9394}
	EndGlobalSection
EndGlobal
